
Microsoft Visual Studio Solution File, Format Version 12.00
# Visual Studio Version 17
VisualStudioVersion = 17.12.35707.178 d17.12
MinimumVisualStudioVersion = 10.0.40219.1
Project("{FAE04EC0-301F-11D3-BF4B-00C04F79EFBC}") = "lab-05-31231021860", "lab-05-31231021860\lab-05-31231021860.csproj", "{CEA3ED2B-900F-42F4-9F8E-329884BF4264}"
EndProject
Global
	GlobalSection(SolutionConfigurationPlatforms) = preSolution
		Debug|Any CPU = Debug|Any CPU
		Release|Any CPU = Release|Any CPU
	EndGlobalSection
	GlobalSection(ProjectConfigurationPlatforms) = postSolution
		{CEA3ED2B-900F-42F4-9F8E-329884BF4264}.Debug|Any CPU.ActiveCfg = Debug|Any CPU
		{CEA3ED2B-900F-42F4-9F8E-329884BF4264}.Debug|Any CPU.Build.0 = Debug|Any CPU
		{CEA3ED2B-900F-42F4-9F8E-329884BF4264}.Release|Any CPU.ActiveCfg = Release|Any CPU
		{CEA3ED2B-900F-42F4-9F8E-329884BF4264}.Release|Any CPU.Build.0 = Release|Any CPU
	EndGlobalSection
	GlobalSection(SolutionProperties) = preSolution
		HideSolutionNode = FALSE
	EndGlobalSection
EndGlobal
