
Microsoft Visual Studio Solution File, Format Version 12.00
# Visual Studio Version 17
VisualStudioVersion = 17.13.35913.81
MinimumVisualStudioVersion = 10.0.40219.1
Project("{FAE04EC0-301F-11D3-BF4B-00C04F79EFBC}") = "Bai7", "Bai7\Bai7.csproj", "{A9BF4C05-2B19-40DE-BA90-E63468F82437}"
EndProject
Project("{2150E333-8FDC-42A3-9474-1A3956D46DE8}") = "Module1_Bai7", "Module1_Bai7", "{02EA681E-C7D8-13C7-8484-4AC65E1B71E8}"
EndProject
Project("{2150E333-8FDC-42A3-9474-1A3956D46DE8}") = "Module1_Bai8", "Module1_Bai8", "{09E88D63-8BBF-40B3-9CAD-5E27E66C7444}"
EndProject
Project("{FAE04EC0-301F-11D3-BF4B-00C04F79EFBC}") = "Bai8", "Bai8\Bai8.csproj", "{3E99F90D-A670-45D7-ADC0-A3C3B164E891}"
EndProject
Project("{2150E333-8FDC-42A3-9474-1A3956D46DE8}") = "Module1_Bai9", "Module1_Bai9", "{062FFBA6-BFC8-4EE4-9090-BBB49875765C}"
EndProject
Project("{FAE04EC0-301F-11D3-BF4B-00C04F79EFBC}") = "Bai9", "Bai9\Bai9.csproj", "{939B4BC7-5176-4A23-AB13-1FBD2BAF4930}"
EndProject
Project("{2150E333-8FDC-42A3-9474-1A3956D46DE8}") = "Module1_Bai10", "Module1_Bai10", "{530BB4B3-9CC9-4970-A667-3CA8CA42A4C5}"
EndProject
Project("{FAE04EC0-301F-11D3-BF4B-00C04F79EFBC}") = "Bai10", "Bai10\Bai10.csproj", "{52B3F94F-0E61-403A-B656-FDED4F87DEEE}"
EndProject
Project("{2150E333-8FDC-42A3-9474-1A3956D46DE8}") = "Module1_Extra", "Module1_Extra", "{E9B9B52B-2212-4329-AAF2-37AB02501A0F}"
EndProject
Project("{FAE04EC0-301F-11D3-BF4B-00C04F79EFBC}") = "Bai11", "Bai11\Bai11.csproj", "{AB157FA1-3E8A-4666-9EBF-0E6DDB48C76A}"
EndProject
Global
	GlobalSection(SolutionConfigurationPlatforms) = preSolution
		Debug|Any CPU = Debug|Any CPU
		Release|Any CPU = Release|Any CPU
	EndGlobalSection
	GlobalSection(ProjectConfigurationPlatforms) = postSolution
		{A9BF4C05-2B19-40DE-BA90-E63468F82437}.Debug|Any CPU.ActiveCfg = Debug|Any CPU
		{A9BF4C05-2B19-40DE-BA90-E63468F82437}.Debug|Any CPU.Build.0 = Debug|Any CPU
		{A9BF4C05-2B19-40DE-BA90-E63468F82437}.Release|Any CPU.ActiveCfg = Release|Any CPU
		{A9BF4C05-2B19-40DE-BA90-E63468F82437}.Release|Any CPU.Build.0 = Release|Any CPU
		{3E99F90D-A670-45D7-ADC0-A3C3B164E891}.Debug|Any CPU.ActiveCfg = Debug|Any CPU
		{3E99F90D-A670-45D7-ADC0-A3C3B164E891}.Debug|Any CPU.Build.0 = Debug|Any CPU
		{3E99F90D-A670-45D7-ADC0-A3C3B164E891}.Release|Any CPU.ActiveCfg = Release|Any CPU
		{3E99F90D-A670-45D7-ADC0-A3C3B164E891}.Release|Any CPU.Build.0 = Release|Any CPU
		{939B4BC7-5176-4A23-AB13-1FBD2BAF4930}.Debug|Any CPU.ActiveCfg = Debug|Any CPU
		{939B4BC7-5176-4A23-AB13-1FBD2BAF4930}.Debug|Any CPU.Build.0 = Debug|Any CPU
		{939B4BC7-5176-4A23-AB13-1FBD2BAF4930}.Release|Any CPU.ActiveCfg = Release|Any CPU
		{939B4BC7-5176-4A23-AB13-1FBD2BAF4930}.Release|Any CPU.Build.0 = Release|Any CPU
		{52B3F94F-0E61-403A-B656-FDED4F87DEEE}.Debug|Any CPU.ActiveCfg = Debug|Any CPU
		{52B3F94F-0E61-403A-B656-FDED4F87DEEE}.Debug|Any CPU.Build.0 = Debug|Any CPU
		{52B3F94F-0E61-403A-B656-FDED4F87DEEE}.Release|Any CPU.ActiveCfg = Release|Any CPU
		{52B3F94F-0E61-403A-B656-FDED4F87DEEE}.Release|Any CPU.Build.0 = Release|Any CPU
		{AB157FA1-3E8A-4666-9EBF-0E6DDB48C76A}.Debug|Any CPU.ActiveCfg = Debug|Any CPU
		{AB157FA1-3E8A-4666-9EBF-0E6DDB48C76A}.Debug|Any CPU.Build.0 = Debug|Any CPU
		{AB157FA1-3E8A-4666-9EBF-0E6DDB48C76A}.Release|Any CPU.ActiveCfg = Release|Any CPU
		{AB157FA1-3E8A-4666-9EBF-0E6DDB48C76A}.Release|Any CPU.Build.0 = Release|Any CPU
	EndGlobalSection
	GlobalSection(SolutionProperties) = preSolution
		HideSolutionNode = FALSE
	EndGlobalSection
	GlobalSection(NestedProjects) = preSolution
		{A9BF4C05-2B19-40DE-BA90-E63468F82437} = {02EA681E-C7D8-13C7-8484-4AC65E1B71E8}
		{3E99F90D-A670-45D7-ADC0-A3C3B164E891} = {09E88D63-8BBF-40B3-9CAD-5E27E66C7444}
		{939B4BC7-5176-4A23-AB13-1FBD2BAF4930} = {062FFBA6-BFC8-4EE4-9090-BBB49875765C}
		{52B3F94F-0E61-403A-B656-FDED4F87DEEE} = {530BB4B3-9CC9-4970-A667-3CA8CA42A4C5}
		{AB157FA1-3E8A-4666-9EBF-0E6DDB48C76A} = {E9B9B52B-2212-4329-AAF2-37AB02501A0F}
	EndGlobalSection
	GlobalSection(ExtensibilityGlobals) = postSolution
		SolutionGuid = {4CAE6E9F-D4B3-459F-83E9-9C26772D8F8F}
	EndGlobalSection
EndGlobal
