
Microsoft Visual Studio Solution File, Format Version 12.00
# Visual Studio Version 17
VisualStudioVersion = 17.13.35913.81
MinimumVisualStudioVersion = 10.0.40219.1
Project("{FAE04EC0-301F-11D3-BF4B-00C04F79EFBC}") = "Module1Forms_HoSyNamBinh", "Module1Forms_HoSyNamBinh\Module1Forms_HoSyNamBinh.csproj", "{5DDDEF9B-23E1-4544-8A1F-536C803656A5}"
EndProject
Project("{2150E333-8FDC-42A3-9474-1A3956D46DE8}") = "Module1Forms_Bai2", "Module1Forms_Bai2", "{02EA681E-C7D8-13C7-8484-4AC65E1B71E8}"
EndProject
Project("{FAE04EC0-301F-11D3-BF4B-00C04F79EFBC}") = "Baitap02", "Bai2\Baitap02.csproj", "{B9511E29-2626-4498-B92F-675DD90C7415}"
EndProject
Project("{2150E333-8FDC-42A3-9474-1A3956D46DE8}") = "Module1Forms_Bai1", "Module1Forms_Bai1", "{3BF93579-D24E-494E-9966-F1E5BCA510E2}"
EndProject
Project("{2150E333-8FDC-42A3-9474-1A3956D46DE8}") = "Module1Forms_Bai3", "Module1Forms_Bai3", "{12B87A0E-05CC-4C4F-A943-469C365147A5}"
EndProject
Project("{FAE04EC0-301F-11D3-BF4B-00C04F79EFBC}") = "Baitap03", "Bai3\Baitap03.csproj", "{5EAC6EB6-7B8F-49CB-AE40-9FEDE21FE8D9}"
EndProject
Project("{2150E333-8FDC-42A3-9474-1A3956D46DE8}") = "Module1Forms_Bai4", "Module1Forms_Bai4", "{CD355861-3AE4-4BB4-8CAB-55D33DEEEF2B}"
EndProject
Project("{FAE04EC0-301F-11D3-BF4B-00C04F79EFBC}") = "Baitap04", "Bai4\Baitap04.csproj", "{B314BD99-1150-43E0-B14D-6395BEF85486}"
EndProject
Project("{2150E333-8FDC-42A3-9474-1A3956D46DE8}") = "Module1Forms_Bai5", "Module1Forms_Bai5", "{B267365D-6A74-4CD9-9AED-A00E74648897}"
EndProject
Project("{FAE04EC0-301F-11D3-BF4B-00C04F79EFBC}") = "Baitap05", "Bai5\Baitap05.csproj", "{F5944E94-55F6-44D8-A875-4EB4302F3FA0}"
EndProject
Project("{2150E333-8FDC-42A3-9474-1A3956D46DE8}") = "Module1Forms_Bai6", "Module1Forms_Bai6", "{B0C6F5F9-4CDD-4415-AB84-20D719FB8187}"
EndProject
Project("{FAE04EC0-301F-11D3-BF4B-00C04F79EFBC}") = "Baitap06", "Bai6\Baitap06.csproj", "{DE846928-0583-4AC7-A018-320C845C5CF6}"
EndProject
Global
	GlobalSection(SolutionConfigurationPlatforms) = preSolution
		Debug|Any CPU = Debug|Any CPU
		Release|Any CPU = Release|Any CPU
	EndGlobalSection
	GlobalSection(ProjectConfigurationPlatforms) = postSolution
		{5DDDEF9B-23E1-4544-8A1F-536C803656A5}.Debug|Any CPU.ActiveCfg = Debug|Any CPU
		{5DDDEF9B-23E1-4544-8A1F-536C803656A5}.Debug|Any CPU.Build.0 = Debug|Any CPU
		{5DDDEF9B-23E1-4544-8A1F-536C803656A5}.Release|Any CPU.ActiveCfg = Release|Any CPU
		{5DDDEF9B-23E1-4544-8A1F-536C803656A5}.Release|Any CPU.Build.0 = Release|Any CPU
		{B9511E29-2626-4498-B92F-675DD90C7415}.Debug|Any CPU.ActiveCfg = Debug|Any CPU
		{B9511E29-2626-4498-B92F-675DD90C7415}.Debug|Any CPU.Build.0 = Debug|Any CPU
		{B9511E29-2626-4498-B92F-675DD90C7415}.Release|Any CPU.ActiveCfg = Release|Any CPU
		{B9511E29-2626-4498-B92F-675DD90C7415}.Release|Any CPU.Build.0 = Release|Any CPU
		{5EAC6EB6-7B8F-49CB-AE40-9FEDE21FE8D9}.Debug|Any CPU.ActiveCfg = Debug|Any CPU
		{5EAC6EB6-7B8F-49CB-AE40-9FEDE21FE8D9}.Debug|Any CPU.Build.0 = Debug|Any CPU
		{5EAC6EB6-7B8F-49CB-AE40-9FEDE21FE8D9}.Release|Any CPU.ActiveCfg = Release|Any CPU
		{5EAC6EB6-7B8F-49CB-AE40-9FEDE21FE8D9}.Release|Any CPU.Build.0 = Release|Any CPU
		{B314BD99-1150-43E0-B14D-6395BEF85486}.Debug|Any CPU.ActiveCfg = Debug|Any CPU
		{B314BD99-1150-43E0-B14D-6395BEF85486}.Debug|Any CPU.Build.0 = Debug|Any CPU
		{B314BD99-1150-43E0-B14D-6395BEF85486}.Release|Any CPU.ActiveCfg = Release|Any CPU
		{B314BD99-1150-43E0-B14D-6395BEF85486}.Release|Any CPU.Build.0 = Release|Any CPU
		{F5944E94-55F6-44D8-A875-4EB4302F3FA0}.Debug|Any CPU.ActiveCfg = Debug|Any CPU
		{F5944E94-55F6-44D8-A875-4EB4302F3FA0}.Debug|Any CPU.Build.0 = Debug|Any CPU
		{F5944E94-55F6-44D8-A875-4EB4302F3FA0}.Release|Any CPU.ActiveCfg = Release|Any CPU
		{F5944E94-55F6-44D8-A875-4EB4302F3FA0}.Release|Any CPU.Build.0 = Release|Any CPU
		{DE846928-0583-4AC7-A018-320C845C5CF6}.Debug|Any CPU.ActiveCfg = Debug|Any CPU
		{DE846928-0583-4AC7-A018-320C845C5CF6}.Debug|Any CPU.Build.0 = Debug|Any CPU
		{DE846928-0583-4AC7-A018-320C845C5CF6}.Release|Any CPU.ActiveCfg = Release|Any CPU
		{DE846928-0583-4AC7-A018-320C845C5CF6}.Release|Any CPU.Build.0 = Release|Any CPU
	EndGlobalSection
	GlobalSection(SolutionProperties) = preSolution
		HideSolutionNode = FALSE
	EndGlobalSection
	GlobalSection(NestedProjects) = preSolution
		{5DDDEF9B-23E1-4544-8A1F-536C803656A5} = {3BF93579-D24E-494E-9966-F1E5BCA510E2}
		{B9511E29-2626-4498-B92F-675DD90C7415} = {02EA681E-C7D8-13C7-8484-4AC65E1B71E8}
		{5EAC6EB6-7B8F-49CB-AE40-9FEDE21FE8D9} = {12B87A0E-05CC-4C4F-A943-469C365147A5}
		{B314BD99-1150-43E0-B14D-6395BEF85486} = {CD355861-3AE4-4BB4-8CAB-55D33DEEEF2B}
		{F5944E94-55F6-44D8-A875-4EB4302F3FA0} = {B267365D-6A74-4CD9-9AED-A00E74648897}
		{DE846928-0583-4AC7-A018-320C845C5CF6} = {B0C6F5F9-4CDD-4415-AB84-20D719FB8187}
	EndGlobalSection
	GlobalSection(ExtensibilityGlobals) = postSolution
		SolutionGuid = {954B6A58-8E50-4D84-BB0E-DB03D7D71E8C}
	EndGlobalSection
EndGlobal
