
Microsoft Visual Studio Solution File, Format Version 12.00
# Visual Studio Version 17
VisualStudioVersion = 17.13.35913.81 d17.13
MinimumVisualStudioVersion = 10.0.40219.1
Project("{FAE04EC0-301F-11D3-BF4B-00C04F79EFBC}") = "BT3_Calculator", "BT3_Calculator\BT3_Calculator.csproj", "{B165FD50-0F6A-41F1-B187-76878262E8D9}"
EndProject
Global
	GlobalSection(SolutionConfigurationPlatforms) = preSolution
		Debug|Any CPU = Debug|Any CPU
		Release|Any CPU = Release|Any CPU
	EndGlobalSection
	GlobalSection(ProjectConfigurationPlatforms) = postSolution
		{B165FD50-0F6A-41F1-B187-76878262E8D9}.Debug|Any CPU.ActiveCfg = Debug|Any CPU
		{B165FD50-0F6A-41F1-B187-76878262E8D9}.Debug|Any CPU.Build.0 = Debug|Any CPU
		{B165FD50-0F6A-41F1-B187-76878262E8D9}.Release|Any CPU.ActiveCfg = Release|Any CPU
		{B165FD50-0F6A-41F1-B187-76878262E8D9}.Release|Any CPU.Build.0 = Release|Any CPU
	EndGlobalSection
	GlobalSection(SolutionProperties) = preSolution
		HideSolutionNode = FALSE
	EndGlobalSection
	GlobalSection(ExtensibilityGlobals) = postSolution
		SolutionGuid = {FF5C5959-E876-49C0-9A77-D2CE99A3C62A}
	EndGlobalSection
EndGlobal
